// !$*UTF8*$!
{
	archiveVersion = 1;
	classes = {
	};
	objectVersion = 46;
	objects = {

/* Begin PBXBuildFile section */
		3A5657F71C138DC200D28EE6 /* LoginScreen.swift in Sources */ = {isa = PBXBuildFile; fileRef = 3A5657F61C138DC200D28EE6 /* LoginScreen.swift */; };
		3A5657F81C138DC200D28EE6 /* LoginScreen.swift in Sources */ = {isa = PBXBuildFile; fileRef = 3A5657F61C138DC200D28EE6 /* LoginScreen.swift */; };
		3A5657F91C138EDB00D28EE6 /* Main.storyboard in Resources */ = {isa = PBXBuildFile; fileRef = 6386A4061BEFF68F00C3417E /* Main.storyboard */; };
		3A5657FB1C13B07C00D28EE6 /* MenuScreen.swift in Sources */ = {isa = PBXBuildFile; fileRef = 3A5657FA1C13B07C00D28EE6 /* MenuScreen.swift */; };
		3A5657FC1C13B07C00D28EE6 /* MenuScreen.swift in Sources */ = {isa = PBXBuildFile; fileRef = 3A5657FA1C13B07C00D28EE6 /* MenuScreen.swift */; };
		3A5658011C14348000D28EE6 /* RegisterScreen.swift in Sources */ = {isa = PBXBuildFile; fileRef = 3A5658001C14348000D28EE6 /* RegisterScreen.swift */; };
		3A5658021C14348000D28EE6 /* RegisterScreen.swift in Sources */ = {isa = PBXBuildFile; fileRef = 3A5658001C14348000D28EE6 /* RegisterScreen.swift */; };
		6326CF611BF14BA5005C4F55 /* jewel.atlas in Resources */ = {isa = PBXBuildFile; fileRef = 6326CF601BF14BA5005C4F55 /* jewel.atlas */; };
		6326CF631BF14BAC005C4F55 /* walking.atlas in Resources */ = {isa = PBXBuildFile; fileRef = 6326CF621BF14BAC005C4F55 /* walking.atlas */; };
		6386A3FF1BEFF68F00C3417E /* AppDelegate.swift in Sources */ = {isa = PBXBuildFile; fileRef = 6386A3FE1BEFF68F00C3417E /* AppDelegate.swift */; };
		6386A4011BEFF68F00C3417E /* GameScene.sks in Resources */ = {isa = PBXBuildFile; fileRef = 6386A4001BEFF68F00C3417E /* GameScene.sks */; };
		6386A4031BEFF68F00C3417E /* GameScene.swift in Sources */ = {isa = PBXBuildFile; fileRef = 6386A4021BEFF68F00C3417E /* GameScene.swift */; };
		6386A4051BEFF68F00C3417E /* GameViewController.swift in Sources */ = {isa = PBXBuildFile; fileRef = 6386A4041BEFF68F00C3417E /* GameViewController.swift */; };
		6386A4081BEFF68F00C3417E /* Main.storyboard in Resources */ = {isa = PBXBuildFile; fileRef = 6386A4061BEFF68F00C3417E /* Main.storyboard */; };
		6386A40A1BEFF68F00C3417E /* Images.xcassets in Resources */ = {isa = PBXBuildFile; fileRef = 6386A4091BEFF68F00C3417E /* Images.xcassets */; };
		6386A40D1BEFF68F00C3417E /* LaunchScreen.xib in Resources */ = {isa = PBXBuildFile; fileRef = 6386A40B1BEFF68F00C3417E /* LaunchScreen.xib */; };
		6386A4231BEFF8A800C3417E /* moving.atlas in Resources */ = {isa = PBXBuildFile; fileRef = 6386A4221BEFF8A800C3417E /* moving.atlas */; };
		6386A4261BEFFDBA00C3417E /* Hero.swift in Sources */ = {isa = PBXBuildFile; fileRef = 6386A4251BEFFDBA00C3417E /* Hero.swift */; };
		6386E6941BF2D4E9006E6532 /* Boundary.swift in Sources */ = {isa = PBXBuildFile; fileRef = 6386E6931BF2D4E9006E6532 /* Boundary.swift */; };
		6386E6D71BF2EFEB006E6532 /* Hero.swift in Sources */ = {isa = PBXBuildFile; fileRef = 6386A4251BEFFDBA00C3417E /* Hero.swift */; };
		6386E6E91BF2F0C4006E6532 /* SnatchTests.swift in Sources */ = {isa = PBXBuildFile; fileRef = 6386A4181BEFF68F00C3417E /* SnatchTests.swift */; };
		6386E6EA1BF2F0E1006E6532 /* AppDelegate.swift in Sources */ = {isa = PBXBuildFile; fileRef = 6386A3FE1BEFF68F00C3417E /* AppDelegate.swift */; };
		6386E6EB1BF2F0E8006E6532 /* GameScene.swift in Sources */ = {isa = PBXBuildFile; fileRef = 6386A4021BEFF68F00C3417E /* GameScene.swift */; };
		6386E6EC1BF2F0EB006E6532 /* Boundary.swift in Sources */ = {isa = PBXBuildFile; fileRef = 6386E6931BF2D4E9006E6532 /* Boundary.swift */; };
		7D0101531C156CF50009BF04 /* Jewel.swift in Sources */ = {isa = PBXBuildFile; fileRef = 7D1E3EAD1C156B5F007F8363 /* Jewel.swift */; };
		7D1E3EA71C1567D1007F8363 /* OpponentWalk.atlas in Resources */ = {isa = PBXBuildFile; fileRef = 7D1E3EA61C1567D1007F8363 /* OpponentWalk.atlas */; };
		7D1E3EA91C1567D9007F8363 /* Cop1Walk.atlas in Resources */ = {isa = PBXBuildFile; fileRef = 7D1E3EA81C1567D9007F8363 /* Cop1Walk.atlas */; };
		7D1E3EAE1C156B5F007F8363 /* Jewel.swift in Sources */ = {isa = PBXBuildFile; fileRef = 7D1E3EAD1C156B5F007F8363 /* Jewel.swift */; };
		7DDE4DF61C14AE0900564440 /* MazeType1.tmx in Resources */ = {isa = PBXBuildFile; fileRef = 7DDE4DF51C14AE0900564440 /* MazeType1.tmx */; };
/* End PBXBuildFile section */

/* Begin PBXContainerItemProxy section */
		6386A4131BEFF68F00C3417E /* PBXContainerItemProxy */ = {
			isa = PBXContainerItemProxy;
			containerPortal = 6386A3F11BEFF68F00C3417E /* Project object */;
			proxyType = 1;
			remoteGlobalIDString = 6386A3F81BEFF68F00C3417E;
			remoteInfo = Snatch;
		};
/* End PBXContainerItemProxy section */

/* Begin PBXFileReference section */
		3A5657F61C138DC200D28EE6 /* LoginScreen.swift */ = {isa = PBXFileReference; fileEncoding = 4; lastKnownFileType = sourcecode.swift; path = LoginScreen.swift; sourceTree = "<group>"; };
		3A5657FA1C13B07C00D28EE6 /* MenuScreen.swift */ = {isa = PBXFileReference; fileEncoding = 4; lastKnownFileType = sourcecode.swift; path = MenuScreen.swift; sourceTree = "<group>"; };
		3A5658001C14348000D28EE6 /* RegisterScreen.swift */ = {isa = PBXFileReference; fileEncoding = 4; lastKnownFileType = sourcecode.swift; path = RegisterScreen.swift; sourceTree = "<group>"; };
		6326CF601BF14BA5005C4F55 /* jewel.atlas */ = {isa = PBXFileReference; lastKnownFileType = folder.skatlas; name = jewel.atlas; path = SnatchNGrab_Atlases/jewel.atlas; sourceTree = "<group>"; };
		6326CF621BF14BAC005C4F55 /* walking.atlas */ = {isa = PBXFileReference; lastKnownFileType = folder.skatlas; name = walking.atlas; path = SnatchNGrab_Atlases/walking.atlas; sourceTree = "<group>"; };
		6386A3F91BEFF68F00C3417E /* Snatch.app */ = {isa = PBXFileReference; explicitFileType = wrapper.application; includeInIndex = 0; path = Snatch.app; sourceTree = BUILT_PRODUCTS_DIR; };
		6386A3FD1BEFF68F00C3417E /* Info.plist */ = {isa = PBXFileReference; lastKnownFileType = text.plist.xml; path = Info.plist; sourceTree = "<group>"; };
		6386A3FE1BEFF68F00C3417E /* AppDelegate.swift */ = {isa = PBXFileReference; lastKnownFileType = sourcecode.swift; path = AppDelegate.swift; sourceTree = "<group>"; };
		6386A4001BEFF68F00C3417E /* GameScene.sks */ = {isa = PBXFileReference; lastKnownFileType = file.sks; path = GameScene.sks; sourceTree = "<group>"; };
		6386A4021BEFF68F00C3417E /* GameScene.swift */ = {isa = PBXFileReference; lastKnownFileType = sourcecode.swift; path = GameScene.swift; sourceTree = "<group>"; };
		6386A4041BEFF68F00C3417E /* GameViewController.swift */ = {isa = PBXFileReference; lastKnownFileType = sourcecode.swift; path = GameViewController.swift; sourceTree = "<group>"; };
		6386A4071BEFF68F00C3417E /* Base */ = {isa = PBXFileReference; lastKnownFileType = file.storyboard; name = Base; path = Base.lproj/Main.storyboard; sourceTree = "<group>"; };
		6386A4091BEFF68F00C3417E /* Images.xcassets */ = {isa = PBXFileReference; lastKnownFileType = folder.assetcatalog; path = Images.xcassets; sourceTree = "<group>"; };
		6386A40C1BEFF68F00C3417E /* Base */ = {isa = PBXFileReference; lastKnownFileType = file.xib; name = Base; path = Base.lproj/LaunchScreen.xib; sourceTree = "<group>"; };
		6386A4121BEFF68F00C3417E /* SnatchTests.xctest */ = {isa = PBXFileReference; explicitFileType = wrapper.cfbundle; includeInIndex = 0; path = SnatchTests.xctest; sourceTree = BUILT_PRODUCTS_DIR; };
		6386A4171BEFF68F00C3417E /* Info.plist */ = {isa = PBXFileReference; lastKnownFileType = text.plist.xml; path = Info.plist; sourceTree = "<group>"; };
		6386A4181BEFF68F00C3417E /* SnatchTests.swift */ = {isa = PBXFileReference; lastKnownFileType = sourcecode.swift; name = SnatchTests.swift; path = SnatchTests/SnatchTests.swift; sourceTree = SOURCE_ROOT; };
		6386A4221BEFF8A800C3417E /* moving.atlas */ = {isa = PBXFileReference; lastKnownFileType = folder.skatlas; name = moving.atlas; path = ../../../Downloads/Maze_Game_Assets/moving.atlas; sourceTree = "<group>"; };
		6386A4251BEFFDBA00C3417E /* Hero.swift */ = {isa = PBXFileReference; fileEncoding = 4; lastKnownFileType = sourcecode.swift; path = Hero.swift; sourceTree = "<group>"; };
		6386E6931BF2D4E9006E6532 /* Boundary.swift */ = {isa = PBXFileReference; fileEncoding = 4; lastKnownFileType = sourcecode.swift; path = Boundary.swift; sourceTree = "<group>"; };
		7D1E3EA61C1567D1007F8363 /* OpponentWalk.atlas */ = {isa = PBXFileReference; lastKnownFileType = folder.skatlas; name = OpponentWalk.atlas; path = SnatchNGrab_Atlases/OpponentWalk.atlas; sourceTree = "<group>"; };
		7D1E3EA81C1567D9007F8363 /* Cop1Walk.atlas */ = {isa = PBXFileReference; lastKnownFileType = folder.skatlas; name = Cop1Walk.atlas; path = SnatchNGrab_Atlases/Cop1Walk.atlas; sourceTree = "<group>"; };
		7D1E3EAD1C156B5F007F8363 /* Jewel.swift */ = {isa = PBXFileReference; fileEncoding = 4; lastKnownFileType = sourcecode.swift; path = Jewel.swift; sourceTree = "<group>"; };
		7DDE4DF51C14AE0900564440 /* MazeType1.tmx */ = {isa = PBXFileReference; fileEncoding = 4; lastKnownFileType = text.xml; name = MazeType1.tmx; path = ../../../Downloads/Maze_Game_Assets/MazeType1.tmx; sourceTree = "<group>"; };
/* End PBXFileReference section */

/* Begin PBXFrameworksBuildPhase section */
		6386A3F61BEFF68F00C3417E /* Frameworks */ = {
			isa = PBXFrameworksBuildPhase;
			buildActionMask = 2147483647;
			files = (
			);
			runOnlyForDeploymentPostprocessing = 0;
		};
		6386A40F1BEFF68F00C3417E /* Frameworks */ = {
			isa = PBXFrameworksBuildPhase;
			buildActionMask = 2147483647;
			files = (
			);
			runOnlyForDeploymentPostprocessing = 0;
		};
/* End PBXFrameworksBuildPhase section */

/* Begin PBXGroup section */
		6386A3F01BEFF68F00C3417E = {
			isa = PBXGroup;
			children = (
				6386A3FB1BEFF68F00C3417E /* Snatch */,
				6386A4151BEFF68F00C3417E /* SnatchTests */,
				6386A3FA1BEFF68F00C3417E /* Products */,
			);
			sourceTree = "<group>";
		};
		6386A3FA1BEFF68F00C3417E /* Products */ = {
			isa = PBXGroup;
			children = (
				6386A3F91BEFF68F00C3417E /* Snatch.app */,
				6386A4121BEFF68F00C3417E /* SnatchTests.xctest */,
			);
			name = Products;
			sourceTree = "<group>";
		};
		6386A3FB1BEFF68F00C3417E /* Snatch */ = {
			isa = PBXGroup;
			children = (
				7DDE4DF51C14AE0900564440 /* MazeType1.tmx */,
				6386A3FE1BEFF68F00C3417E /* AppDelegate.swift */,
				7D1E3EAD1C156B5F007F8363 /* Jewel.swift */,
				6386A4001BEFF68F00C3417E /* GameScene.sks */,
				6386A4021BEFF68F00C3417E /* GameScene.swift */,
				6386E6931BF2D4E9006E6532 /* Boundary.swift */,
				6386A4251BEFFDBA00C3417E /* Hero.swift */,
				6386A4041BEFF68F00C3417E /* GameViewController.swift */,
				3A5657F61C138DC200D28EE6 /* LoginScreen.swift */,
				3A5657FA1C13B07C00D28EE6 /* MenuScreen.swift */,
				3A5658001C14348000D28EE6 /* RegisterScreen.swift */,
				6386A4061BEFF68F00C3417E /* Main.storyboard */,
				6386A4091BEFF68F00C3417E /* Images.xcassets */,
				6386A4241BEFF8C900C3417E /* Texture_Atlases */,
				6386A40B1BEFF68F00C3417E /* LaunchScreen.xib */,
				6386A3FC1BEFF68F00C3417E /* Supporting Files */,
			);
			path = Snatch;
			sourceTree = "<group>";
		};
		6386A3FC1BEFF68F00C3417E /* Supporting Files */ = {
			isa = PBXGroup;
			children = (
				6386A3FD1BEFF68F00C3417E /* Info.plist */,
			);
			name = "Supporting Files";
			sourceTree = "<group>";
		};
		6386A4151BEFF68F00C3417E /* SnatchTests */ = {
			isa = PBXGroup;
			children = (
				6386A4181BEFF68F00C3417E /* SnatchTests.swift */,
				6386A4161BEFF68F00C3417E /* Supporting Files */,
			);
			path = SnatchTests;
			sourceTree = "<group>";
		};
		6386A4161BEFF68F00C3417E /* Supporting Files */ = {
			isa = PBXGroup;
			children = (
				6386A4171BEFF68F00C3417E /* Info.plist */,
			);
			name = "Supporting Files";
			sourceTree = "<group>";
		};
		6386A4241BEFF8C900C3417E /* Texture_Atlases */ = {
			isa = PBXGroup;
			children = (
				7D1E3EA81C1567D9007F8363 /* Cop1Walk.atlas */,
				7D1E3EA61C1567D1007F8363 /* OpponentWalk.atlas */,
				6326CF621BF14BAC005C4F55 /* walking.atlas */,
				6386A4221BEFF8A800C3417E /* moving.atlas */,
			);
			name = Texture_Atlases;
			sourceTree = "<group>";
		};
/* End PBXGroup section */

/* Begin PBXNativeTarget section */
		6386A3F81BEFF68F00C3417E /* Snatch */ = {
			isa = PBXNativeTarget;
			buildConfigurationList = 6386A41C1BEFF68F00C3417E /* Build configuration list for PBXNativeTarget "Snatch" */;
			buildPhases = (
				6386A3F51BEFF68F00C3417E /* Sources */,
				6386A3F61BEFF68F00C3417E /* Frameworks */,
				6386A3F71BEFF68F00C3417E /* Resources */,
			);
			buildRules = (
			);
			dependencies = (
			);
			name = Snatch;
			productName = Snatch;
			productReference = 6386A3F91BEFF68F00C3417E /* Snatch.app */;
			productType = "com.apple.product-type.application";
		};
		6386A4111BEFF68F00C3417E /* SnatchTests */ = {
			isa = PBXNativeTarget;
			buildConfigurationList = 6386A41F1BEFF68F00C3417E /* Build configuration list for PBXNativeTarget "SnatchTests" */;
			buildPhases = (
				6386A40E1BEFF68F00C3417E /* Sources */,
				6386A40F1BEFF68F00C3417E /* Frameworks */,
				6386A4101BEFF68F00C3417E /* Resources */,
			);
			buildRules = (
			);
			dependencies = (
				6386A4141BEFF68F00C3417E /* PBXTargetDependency */,
			);
			name = SnatchTests;
			productName = SnatchTests;
			productReference = 6386A4121BEFF68F00C3417E /* SnatchTests.xctest */;
			productType = "com.apple.product-type.bundle.unit-test";
		};
/* End PBXNativeTarget section */

/* Begin PBXProject section */
		6386A3F11BEFF68F00C3417E /* Project object */ = {
			isa = PBXProject;
			attributes = {
				LastUpgradeCheck = 0630;
				ORGANIZATIONNAME = "Team Rocket";
				TargetAttributes = {
					6386A3F81BEFF68F00C3417E = {
						CreatedOnToolsVersion = 6.3.2;
					};
					6386A4111BEFF68F00C3417E = {
						CreatedOnToolsVersion = 6.3.2;
						TestTargetID = 6386A3F81BEFF68F00C3417E;
					};
				};
			};
			buildConfigurationList = 6386A3F41BEFF68F00C3417E /* Build configuration list for PBXProject "Snatch" */;
			compatibilityVersion = "Xcode 3.2";
			developmentRegion = English;
			hasScannedForEncodings = 0;
			knownRegions = (
				en,
				Base,
			);
			mainGroup = 6386A3F01BEFF68F00C3417E;
			productRefGroup = 6386A3FA1BEFF68F00C3417E /* Products */;
			projectDirPath = "";
			projectRoot = "";
			targets = (
				6386A3F81BEFF68F00C3417E /* Snatch */,
				6386A4111BEFF68F00C3417E /* SnatchTests */,
			);
		};
/* End PBXProject section */

/* Begin PBXResourcesBuildPhase section */
		6386A3F71BEFF68F00C3417E /* Resources */ = {
			isa = PBXResourcesBuildPhase;
			buildActionMask = 2147483647;
			files = (
				6386A40D1BEFF68F00C3417E /* LaunchScreen.xib in Resources */,
				7D1E3EA91C1567D9007F8363 /* Cop1Walk.atlas in Resources */,
				6386A40A1BEFF68F00C3417E /* Images.xcassets in Resources */,
				7D1E3EA71C1567D1007F8363 /* OpponentWalk.atlas in Resources */,
				7DDE4DF61C14AE0900564440 /* MazeType1.tmx in Resources */,
				6326CF631BF14BAC005C4F55 /* walking.atlas in Resources */,
				6386A4011BEFF68F00C3417E /* GameScene.sks in Resources */,
				6386A4231BEFF8A800C3417E /* moving.atlas in Resources */,
				6386A4081BEFF68F00C3417E /* Main.storyboard in Resources */,
			);
			runOnlyForDeploymentPostprocessing = 0;
		};
		6386A4101BEFF68F00C3417E /* Resources */ = {
			isa = PBXResourcesBuildPhase;
			buildActionMask = 2147483647;
			files = (
				3A5657F91C138EDB00D28EE6 /* Main.storyboard in Resources */,
			);
			runOnlyForDeploymentPostprocessing = 0;
		};
/* End PBXResourcesBuildPhase section */

/* Begin PBXSourcesBuildPhase section */
		6386A3F51BEFF68F00C3417E /* Sources */ = {
			isa = PBXSourcesBuildPhase;
			buildActionMask = 2147483647;
			files = (
				6386A4031BEFF68F00C3417E /* GameScene.swift in Sources */,
				3A5657FB1C13B07C00D28EE6 /* MenuScreen.swift in Sources */,
				6386A4051BEFF68F00C3417E /* GameViewController.swift in Sources */,
				6386A3FF1BEFF68F00C3417E /* AppDelegate.swift in Sources */,
				3A5658011C14348000D28EE6 /* RegisterScreen.swift in Sources */,
				7D1E3EAE1C156B5F007F8363 /* Jewel.swift in Sources */,
				6386A4261BEFFDBA00C3417E /* Hero.swift in Sources */,
				6386E6941BF2D4E9006E6532 /* Boundary.swift in Sources */,
				3A5657F71C138DC200D28EE6 /* LoginScreen.swift in Sources */,
			);
			runOnlyForDeploymentPostprocessing = 0;
		};
		6386A40E1BEFF68F00C3417E /* Sources */ = {
			isa = PBXSourcesBuildPhase;
			buildActionMask = 2147483647;
			files = (
				6386E6EA1BF2F0E1006E6532 /* AppDelegate.swift in Sources */,
				3A5657FC1C13B07C00D28EE6 /* MenuScreen.swift in Sources */,
				6386E6E91BF2F0C4006E6532 /* SnatchTests.swift in Sources */,
				6386E6EB1BF2F0E8006E6532 /* GameScene.swift in Sources */,
				3A5658021C14348000D28EE6 /* RegisterScreen.swift in Sources */,
				7D0101531C156CF50009BF04 /* Jewel.swift in Sources */,
				6386E6D71BF2EFEB006E6532 /* Hero.swift in Sources */,
				6386E6EC1BF2F0EB006E6532 /* Boundary.swift in Sources */,
				3A5657F81C138DC200D28EE6 /* LoginScreen.swift in Sources */,
			);
			runOnlyForDeploymentPostprocessing = 0;
		};
/* End PBXSourcesBuildPhase section */

/* Begin PBXTargetDependency section */
		6386A4141BEFF68F00C3417E /* PBXTargetDependency */ = {
			isa = PBXTargetDependency;
			target = 6386A3F81BEFF68F00C3417E /* Snatch */;
			targetProxy = 6386A4131BEFF68F00C3417E /* PBXContainerItemProxy */;
		};
/* End PBXTargetDependency section */

/* Begin PBXVariantGroup section */
		6386A4061BEFF68F00C3417E /* Main.storyboard */ = {
			isa = PBXVariantGroup;
			children = (
				6386A4071BEFF68F00C3417E /* Base */,
			);
			name = Main.storyboard;
			sourceTree = "<group>";
		};
		6386A40B1BEFF68F00C3417E /* LaunchScreen.xib */ = {
			isa = PBXVariantGroup;
			children = (
				6386A40C1BEFF68F00C3417E /* Base */,
			);
			name = LaunchScreen.xib;
			sourceTree = "<group>";
		};
/* End PBXVariantGroup section */

/* Begin XCBuildConfiguration section */
		6386A41A1BEFF68F00C3417E /* Debug */ = {
			isa = XCBuildConfiguration;
			buildSettings = {
				ALWAYS_SEARCH_USER_PATHS = NO;
				CLANG_CXX_LANGUAGE_STANDARD = "gnu++0x";
				CLANG_CXX_LIBRARY = "libc++";
				CLANG_ENABLE_MODULES = YES;
				CLANG_ENABLE_OBJC_ARC = YES;
				CLANG_WARN_BOOL_CONVERSION = YES;
				CLANG_WARN_CONSTANT_CONVERSION = YES;
				CLANG_WARN_DIRECT_OBJC_ISA_USAGE = YES_ERROR;
				CLANG_WARN_EMPTY_BODY = YES;
				CLANG_WARN_ENUM_CONVERSION = YES;
				CLANG_WARN_INT_CONVERSION = YES;
				CLANG_WARN_OBJC_ROOT_CLASS = YES_ERROR;
				CLANG_WARN_UNREACHABLE_CODE = YES;
				CLANG_WARN__DUPLICATE_METHOD_MATCH = YES;
				"CODE_SIGN_IDENTITY[sdk=iphoneos*]" = "iPhone Developer";
				COPY_PHASE_STRIP = NO;
				DEBUG_INFORMATION_FORMAT = "dwarf-with-dsym";
				ENABLE_STRICT_OBJC_MSGSEND = YES;
				GCC_C_LANGUAGE_STANDARD = gnu99;
				GCC_DYNAMIC_NO_PIC = NO;
				GCC_NO_COMMON_BLOCKS = YES;
				GCC_OPTIMIZATION_LEVEL = 0;
				GCC_PREPROCESSOR_DEFINITIONS = (
					"DEBUG=1",
					"$(inherited)",
				);
				GCC_SYMBOLS_PRIVATE_EXTERN = NO;
				GCC_WARN_64_TO_32_BIT_CONVERSION = YES;
				GCC_WARN_ABOUT_RETURN_TYPE = YES_ERROR;
				GCC_WARN_UNDECLARED_SELECTOR = YES;
				GCC_WARN_UNINITIALIZED_AUTOS = YES_AGGRESSIVE;
				GCC_WARN_UNUSED_FUNCTION = YES;
				GCC_WARN_UNUSED_VARIABLE = YES;
				IPHONEOS_DEPLOYMENT_TARGET = 8.3;
				MTL_ENABLE_DEBUG_INFO = YES;
				ONLY_ACTIVE_ARCH = YES;
				SDKROOT = iphoneos;
				SWIFT_OPTIMIZATION_LEVEL = "-Onone";
				TARGETED_DEVICE_FAMILY = "1,2";
			};
			name = Debug;
		};
		6386A41B1BEFF68F00C3417E /* Release */ = {
			isa = XCBuildConfiguration;
			buildSettings = {
				ALWAYS_SEARCH_USER_PATHS = NO;
				CLANG_CXX_LANGUAGE_STANDARD = "gnu++0x";
				CLANG_CXX_LIBRARY = "libc++";
				CLANG_ENABLE_MODULES = YES;
				CLANG_ENABLE_OBJC_ARC = YES;
				CLANG_WARN_BOOL_CONVERSION = YES;
				CLANG_WARN_CONSTANT_CONVERSION = YES;
				CLANG_WARN_DIRECT_OBJC_ISA_USAGE = YES_ERROR;
				CLANG_WARN_EMPTY_BODY = YES;
				CLANG_WARN_ENUM_CONVERSION = YES;
				CLANG_WARN_INT_CONVERSION = YES;
				CLANG_WARN_OBJC_ROOT_CLASS = YES_ERROR;
				CLANG_WARN_UNREACHABLE_CODE = YES;
				CLANG_WARN__DUPLICATE_METHOD_MATCH = YES;
				"CODE_SIGN_IDENTITY[sdk=iphoneos*]" = "iPhone Developer";
				COPY_PHASE_STRIP = NO;
				DEBUG_INFORMATION_FORMAT = "dwarf-with-dsym";
				ENABLE_NS_ASSERTIONS = NO;
				ENABLE_STRICT_OBJC_MSGSEND = YES;
				GCC_C_LANGUAGE_STANDARD = gnu99;
				GCC_NO_COMMON_BLOCKS = YES;
				GCC_WARN_64_TO_32_BIT_CONVERSION = YES;
				GCC_WARN_ABOUT_RETURN_TYPE = YES_ERROR;
				GCC_WARN_UNDECLARED_SELECTOR = YES;
				GCC_WARN_UNINITIALIZED_AUTOS = YES_AGGRESSIVE;
				GCC_WARN_UNUSED_FUNCTION = YES;
				GCC_WARN_UNUSED_VARIABLE = YES;
				IPHONEOS_DEPLOYMENT_TARGET = 8.3;
				MTL_ENABLE_DEBUG_INFO = NO;
				SDKROOT = iphoneos;
				TARGETED_DEVICE_FAMILY = "1,2";
				VALIDATE_PRODUCT = YES;
			};
			name = Release;
		};
		6386A41D1BEFF68F00C3417E /* Debug */ = {
			isa = XCBuildConfiguration;
			buildSettings = {
				ASSETCATALOG_COMPILER_APPICON_NAME = AppIcon;
				DEFINES_MODULE = YES;
				INFOPLIST_FILE = Snatch/Info.plist;
				LD_RUNPATH_SEARCH_PATHS = "$(inherited) @executable_path/Frameworks";
				PRODUCT_NAME = "$(TARGET_NAME)";
				"SWIFT_OBJC_BRIDGING_HEADER[arch=*]" = "";
			};
			name = Debug;
		};
		6386A41E1BEFF68F00C3417E /* Release */ = {
			isa = XCBuildConfiguration;
			buildSettings = {
				ASSETCATALOG_COMPILER_APPICON_NAME = AppIcon;
				DEFINES_MODULE = YES;
				INFOPLIST_FILE = Snatch/Info.plist;
				LD_RUNPATH_SEARCH_PATHS = "$(inherited) @executable_path/Frameworks";
				PRODUCT_NAME = "$(TARGET_NAME)";
			};
			name = Release;
		};
		6386A4201BEFF68F00C3417E /* Debug */ = {
			isa = XCBuildConfiguration;
			buildSettings = {
				BUNDLE_LOADER = "$(TEST_HOST)";
				FRAMEWORK_SEARCH_PATHS = (
					"$(SDKROOT)/Developer/Library/Frameworks",
					"$(inherited)",
				);
				GCC_PREPROCESSOR_DEFINITIONS = (
					"DEBUG=1",
					"$(inherited)",
				);
				INFOPLIST_FILE = SnatchTests/Info.plist;
				LD_RUNPATH_SEARCH_PATHS = "$(inherited) @executable_path/Frameworks @loader_path/Frameworks";
				PRODUCT_NAME = "$(TARGET_NAME)";
				TEST_HOST = "$(BUILT_PRODUCTS_DIR)/Snatch.app/Snatch";
			};
			name = Debug;
		};
		6386A4211BEFF68F00C3417E /* Release */ = {
			isa = XCBuildConfiguration;
			buildSettings = {
				BUNDLE_LOADER = "$(TEST_HOST)";
				FRAMEWORK_SEARCH_PATHS = (
					"$(SDKROOT)/Developer/Library/Frameworks",
					"$(inherited)",
				);
				INFOPLIST_FILE = SnatchTests/Info.plist;
				LD_RUNPATH_SEARCH_PATHS = "$(inherited) @executable_path/Frameworks @loader_path/Frameworks";
				PRODUCT_NAME = "$(TARGET_NAME)";
				TEST_HOST = "$(BUILT_PRODUCTS_DIR)/Snatch.app/Snatch";
			};
			name = Release;
		};
/* End XCBuildConfiguration section */

/* Begin XCConfigurationList section */
		6386A3F41BEFF68F00C3417E /* Build configuration list for PBXProject "Snatch" */ = {
			isa = XCConfigurationList;
			buildConfigurations = (
				6386A41A1BEFF68F00C3417E /* Debug */,
				6386A41B1BEFF68F00C3417E /* Release */,
			);
			defaultConfigurationIsVisible = 0;
			defaultConfigurationName = Release;
		};
		6386A41C1BEFF68F00C3417E /* Build configuration list for PBXNativeTarget "Snatch" */ = {
			isa = XCConfigurationList;
			buildConfigurations = (
				6386A41D1BEFF68F00C3417E /* Debug */,
				6386A41E1BEFF68F00C3417E /* Release */,
			);
			defaultConfigurationIsVisible = 0;
			defaultConfigurationName = Release;
		};
		6386A41F1BEFF68F00C3417E /* Build configuration list for PBXNativeTarget "SnatchTests" */ = {
			isa = XCConfigurationList;
			buildConfigurations = (
				6386A4201BEFF68F00C3417E /* Debug */,
				6386A4211BEFF68F00C3417E /* Release */,
			);
			defaultConfigurationIsVisible = 0;
			defaultConfigurationName = Release;
		};
/* End XCConfigurationList section */
	};
	rootObject = 6386A3F11BEFF68F00C3417E /* Project object */;
}
